
Microsoft Visual Studio Solution File, Format Version 12.00
# Visual Studio 2013
VisualStudioVersion = 12.0.31101.0
MinimumVisualStudioVersion = 10.0.40219.1
Project("{FAE04EC0-301F-11D3-BF4B-00C04F79EFBC}") = "Website_KNSER", "Website_KNSER\Website_KNSER.csproj", "{9370AFF3-742A-4483-B32F-A0C9405067FC}"
EndProject
Global
	GlobalSection(SolutionConfigurationPlatforms) = preSolution
		Debug|Any CPU = Debug|Any CPU
		Release|Any CPU = Release|Any CPU
	EndGlobalSection
	GlobalSection(ProjectConfigurationPlatforms) = postSolution
		{92ED1033-254C-4B55-9977-9E69F71F70C1}.Debug|Any CPU.ActiveCfg = Debug|Any CPU
		{92ED1033-254C-4B55-9977-9E69F71F70C1}.Debug|Any CPU.Build.0 = Debug|Any CPU
		{92ED1033-254C-4B55-9977-9E69F71F70C1}.Release|Any CPU.ActiveCfg = Release|Any CPU
		{92ED1033-254C-4B55-9977-9E69F71F70C1}.Release|Any CPU.Build.0 = Release|Any CPU
		{9370AFF3-742A-4483-B32F-A0C9405067FC}.Debug|Any CPU.ActiveCfg = Debug|Any CPU
		{9370AFF3-742A-4483-B32F-A0C9405067FC}.Debug|Any CPU.Build.0 = Debug|Any CPU
		{9370AFF3-742A-4483-B32F-A0C9405067FC}.Release|Any CPU.ActiveCfg = Release|Any CPU
		{9370AFF3-742A-4483-B32F-A0C9405067FC}.Release|Any CPU.Build.0 = Release|Any CPU
	EndGlobalSection
	GlobalSection(SolutionProperties) = preSolution
		HideSolutionNode = FALSE
	EndGlobalSection
EndGlobal
